// !$*UTF8*$!
{
	archiveVersion = 1;
	classes = {
	};
	objectVersion = 46;
	objects = {

/* Begin PBXBuildFile section */
		464AAEAA1C463E2200A3F646 /* AppDelegate.swift in Sources */ = {isa = PBXBuildFile; fileRef = 464AAEA91C463E2200A3F646 /* AppDelegate.swift */; };
		464AAEAC1C463E2200A3F646 /* ViewController.swift in Sources */ = {isa = PBXBuildFile; fileRef = 464AAEAB1C463E2200A3F646 /* ViewController.swift */; };
		464AAEAF1C463E2200A3F646 /* Main.storyboard in Resources */ = {isa = PBXBuildFile; fileRef = 464AAEAD1C463E2200A3F646 /* Main.storyboard */; };
		464AAEB11C463E2200A3F646 /* Assets.xcassets in Resources */ = {isa = PBXBuildFile; fileRef = 464AAEB01C463E2200A3F646 /* Assets.xcassets */; };
		464AAEB41C463E2200A3F646 /* LaunchScreen.storyboard in Resources */ = {isa = PBXBuildFile; fileRef = 464AAEB21C463E2200A3F646 /* LaunchScreen.storyboard */; };
		464AAEBF1C463E2200A3F646 /* SQSpeechTests.swift in Sources */ = {isa = PBXBuildFile; fileRef = 464AAEBE1C463E2200A3F646 /* SQSpeechTests.swift */; };
		464AAECA1C463E2200A3F646 /* SQSpeechUITests.swift in Sources */ = {isa = PBXBuildFile; fileRef = 464AAEC91C463E2200A3F646 /* SQSpeechUITests.swift */; };
		464AAED81C463E2C00A3F646 /* AVFoundation.framework in Frameworks */ = {isa = PBXBuildFile; fileRef = 464AAED71C463E2C00A3F646 /* AVFoundation.framework */; };
		464AAEDA1C4640C900A3F646 /* SQImagePC.swift in Sources */ = {isa = PBXBuildFile; fileRef = 464AAED91C4640C900A3F646 /* SQImagePC.swift */; };
/* End PBXBuildFile section */

/* Begin PBXContainerItemProxy section */
		464AAEBB1C463E2200A3F646 /* PBXContainerItemProxy */ = {
			isa = PBXContainerItemProxy;
			containerPortal = 464AAE9E1C463E2200A3F646 /* Project object */;
			proxyType = 1;
			remoteGlobalIDString = 464AAEA51C463E2200A3F646;
			remoteInfo = SQSpeech;
		};
		464AAEC61C463E2200A3F646 /* PBXContainerItemProxy */ = {
			isa = PBXContainerItemProxy;
			containerPortal = 464AAE9E1C463E2200A3F646 /* Project object */;
			proxyType = 1;
			remoteGlobalIDString = 464AAEA51C463E2200A3F646;
			remoteInfo = SQSpeech;
		};
/* End PBXContainerItemProxy section */

/* Begin PBXFileReference section */
		464AAEA61C463E2200A3F646 /* SQSpeech.app */ = {isa = PBXFileReference; explicitFileType = wrapper.application; includeInIndex = 0; path = SQSpeech.app; sourceTree = BUILT_PRODUCTS_DIR; };
		464AAEA91C463E2200A3F646 /* AppDelegate.swift */ = {isa = PBXFileReference; lastKnownFileType = sourcecode.swift; path = AppDelegate.swift; sourceTree = "<group>"; };
		464AAEAB1C463E2200A3F646 /* ViewController.swift */ = {isa = PBXFileReference; lastKnownFileType = sourcecode.swift; path = ViewController.swift; sourceTree = "<group>"; };
		464AAEAE1C463E2200A3F646 /* Base */ = {isa = PBXFileReference; lastKnownFileType = file.storyboard; name = Base; path = Base.lproj/Main.storyboard; sourceTree = "<group>"; };
		464AAEB01C463E2200A3F646 /* Assets.xcassets */ = {isa = PBXFileReference; lastKnownFileType = folder.assetcatalog; path = Assets.xcassets; sourceTree = "<group>"; };
		464AAEB31C463E2200A3F646 /* Base */ = {isa = PBXFileReference; lastKnownFileType = file.storyboard; name = Base; path = Base.lproj/LaunchScreen.storyboard; sourceTree = "<group>"; };
		464AAEB51C463E2200A3F646 /* Info.plist */ = {isa = PBXFileReference; lastKnownFileType = text.plist.xml; path = Info.plist; sourceTree = "<group>"; };
		464AAEBA1C463E2200A3F646 /* SQSpeechTests.xctest */ = {isa = PBXFileReference; explicitFileType = wrapper.cfbundle; includeInIndex = 0; path = SQSpeechTests.xctest; sourceTree = BUILT_PRODUCTS_DIR; };
		464AAEBE1C463E2200A3F646 /* SQSpeechTests.swift */ = {isa = PBXFileReference; lastKnownFileType = sourcecode.swift; path = SQSpeechTests.swift; sourceTree = "<group>"; };
		464AAEC01C463E2200A3F646 /* Info.plist */ = {isa = PBXFileReference; lastKnownFileType = text.plist.xml; path = Info.plist; sourceTree = "<group>"; };
		464AAEC51C463E2200A3F646 /* SQSpeechUITests.xctest */ = {isa = PBXFileReference; explicitFileType = wrapper.cfbundle; includeInIndex = 0; path = SQSpeechUITests.xctest; sourceTree = BUILT_PRODUCTS_DIR; };
		464AAEC91C463E2200A3F646 /* SQSpeechUITests.swift */ = {isa = PBXFileReference; lastKnownFileType = sourcecode.swift; path = SQSpeechUITests.swift; sourceTree = "<group>"; };
		464AAECB1C463E2200A3F646 /* Info.plist */ = {isa = PBXFileReference; lastKnownFileType = text.plist.xml; path = Info.plist; sourceTree = "<group>"; };
		464AAED71C463E2C00A3F646 /* AVFoundation.framework */ = {isa = PBXFileReference; lastKnownFileType = wrapper.framework; name = AVFoundation.framework; path = System/Library/Frameworks/AVFoundation.framework; sourceTree = SDKROOT; };
		464AAED91C4640C900A3F646 /* SQImagePC.swift */ = {isa = PBXFileReference; fileEncoding = 4; lastKnownFileType = sourcecode.swift; name = SQImagePC.swift; path = ../SQImagePC.swift; sourceTree = "<group>"; };
/* End PBXFileReference section */

/* Begin PBXFrameworksBuildPhase section */
		464AAEA31C463E2200A3F646 /* Frameworks */ = {
			isa = PBXFrameworksBuildPhase;
			buildActionMask = 2147483647;
			files = (
				464AAED81C463E2C00A3F646 /* AVFoundation.framework in Frameworks */,
			);
			runOnlyForDeploymentPostprocessing = 0;
		};
		464AAEB71C463E2200A3F646 /* Frameworks */ = {
			isa = PBXFrameworksBuildPhase;
			buildActionMask = 2147483647;
			files = (
			);
			runOnlyForDeploymentPostprocessing = 0;
		};
		464AAEC21C463E2200A3F646 /* Frameworks */ = {
			isa = PBXFrameworksBuildPhase;
			buildActionMask = 2147483647;
			files = (
			);
			runOnlyForDeploymentPostprocessing = 0;
		};
/* End PBXFrameworksBuildPhase section */

/* Begin PBXGroup section */
		464AAE9D1C463E2200A3F646 = {
			isa = PBXGroup;
			children = (
				464AAED71C463E2C00A3F646 /* AVFoundation.framework */,
				464AAEA81C463E2200A3F646 /* SQSpeech */,
				464AAEBD1C463E2200A3F646 /* SQSpeechTests */,
				464AAEC81C463E2200A3F646 /* SQSpeechUITests */,
				464AAEA71C463E2200A3F646 /* Products */,
			);
			sourceTree = "<group>";
		};
		464AAEA71C463E2200A3F646 /* Products */ = {
			isa = PBXGroup;
			children = (
				464AAEA61C463E2200A3F646 /* SQSpeech.app */,
				464AAEBA1C463E2200A3F646 /* SQSpeechTests.xctest */,
				464AAEC51C463E2200A3F646 /* SQSpeechUITests.xctest */,
			);
			name = Products;
			sourceTree = "<group>";
		};
		464AAEA81C463E2200A3F646 /* SQSpeech */ = {
			isa = PBXGroup;
			children = (
				464AAED91C4640C900A3F646 /* SQImagePC.swift */,
				464AAEA91C463E2200A3F646 /* AppDelegate.swift */,
				464AAEAB1C463E2200A3F646 /* ViewController.swift */,
				464AAEAD1C463E2200A3F646 /* Main.storyboard */,
				464AAEB01C463E2200A3F646 /* Assets.xcassets */,
				464AAEB21C463E2200A3F646 /* LaunchScreen.storyboard */,
				464AAEB51C463E2200A3F646 /* Info.plist */,
			);
			path = SQSpeech;
			sourceTree = "<group>";
		};
		464AAEBD1C463E2200A3F646 /* SQSpeechTests */ = {
			isa = PBXGroup;
			children = (
				464AAEBE1C463E2200A3F646 /* SQSpeechTests.swift */,
				464AAEC01C463E2200A3F646 /* Info.plist */,
			);
			path = SQSpeechTests;
			sourceTree = "<group>";
		};
		464AAEC81C463E2200A3F646 /* SQSpeechUITests */ = {
			isa = PBXGroup;
			children = (
				464AAEC91C463E2200A3F646 /* SQSpeechUITests.swift */,
				464AAECB1C463E2200A3F646 /* Info.plist */,
			);
			path = SQSpeechUITests;
			sourceTree = "<group>";
		};
/* End PBXGroup section */

/* Begin PBXNativeTarget section */
		464AAEA51C463E2200A3F646 /* SQSpeech */ = {
			isa = PBXNativeTarget;
			buildConfigurationList = 464AAECE1C463E2200A3F646 /* Build configuration list for PBXNativeTarget "SQSpeech" */;
			buildPhases = (
				464AAEA21C463E2200A3F646 /* Sources */,
				464AAEA31C463E2200A3F646 /* Frameworks */,
				464AAEA41C463E2200A3F646 /* Resources */,
			);
			buildRules = (
			);
			dependencies = (
			);
			name = SQSpeech;
			productName = SQSpeech;
			productReference = 464AAEA61C463E2200A3F646 /* SQSpeech.app */;
			productType = "com.apple.product-type.application";
		};
		464AAEB91C463E2200A3F646 /* SQSpeechTests */ = {
			isa = PBXNativeTarget;
			buildConfigurationList = 464AAED11C463E2200A3F646 /* Build configuration list for PBXNativeTarget "SQSpeechTests" */;
			buildPhases = (
				464AAEB61C463E2200A3F646 /* Sources */,
				464AAEB71C463E2200A3F646 /* Frameworks */,
				464AAEB81C463E2200A3F646 /* Resources */,
			);
			buildRules = (
			);
			dependencies = (
				464AAEBC1C463E2200A3F646 /* PBXTargetDependency */,
			);
			name = SQSpeechTests;
			productName = SQSpeechTests;
			productReference = 464AAEBA1C463E2200A3F646 /* SQSpeechTests.xctest */;
			productType = "com.apple.product-type.bundle.unit-test";
		};
		464AAEC41C463E2200A3F646 /* SQSpeechUITests */ = {
			isa = PBXNativeTarget;
			buildConfigurationList = 464AAED41C463E2200A3F646 /* Build configuration list for PBXNativeTarget "SQSpeechUITests" */;
			buildPhases = (
				464AAEC11C463E2200A3F646 /* Sources */,
				464AAEC21C463E2200A3F646 /* Frameworks */,
				464AAEC31C463E2200A3F646 /* Resources */,
			);
			buildRules = (
			);
			dependencies = (
				464AAEC71C463E2200A3F646 /* PBXTargetDependency */,
			);
			name = SQSpeechUITests;
			productName = SQSpeechUITests;
			productReference = 464AAEC51C463E2200A3F646 /* SQSpeechUITests.xctest */;
			productType = "com.apple.product-type.bundle.ui-testing";
		};
/* End PBXNativeTarget section */

/* Begin PBXProject section */
		464AAE9E1C463E2200A3F646 /* Project object */ = {
			isa = PBXProject;
			attributes = {
				LastSwiftUpdateCheck = 0720;
				LastUpgradeCheck = 0720;
				ORGANIZATIONNAME = XinJinquan;
				TargetAttributes = {
					464AAEA51C463E2200A3F646 = {
						CreatedOnToolsVersion = 7.2;
					};
					464AAEB91C463E2200A3F646 = {
						CreatedOnToolsVersion = 7.2;
						TestTargetID = 464AAEA51C463E2200A3F646;
					};
					464AAEC41C463E2200A3F646 = {
						CreatedOnToolsVersion = 7.2;
						TestTargetID = 464AAEA51C463E2200A3F646;
					};
				};
			};
			buildConfigurationList = 464AAEA11C463E2200A3F646 /* Build configuration list for PBXProject "SQSpeech" */;
			compatibilityVersion = "Xcode 3.2";
			developmentRegion = English;
			hasScannedForEncodings = 0;
			knownRegions = (
				en,
				Base,
			);
			mainGroup = 464AAE9D1C463E2200A3F646;
			productRefGroup = 464AAEA71C463E2200A3F646 /* Products */;
			projectDirPath = "";
			projectRoot = "";
			targets = (
				464AAEA51C463E2200A3F646 /* SQSpeech */,
				464AAEB91C463E2200A3F646 /* SQSpeechTests */,
				464AAEC41C463E2200A3F646 /* SQSpeechUITests */,
			);
		};
/* End PBXProject section */

/* Begin PBXResourcesBuildPhase section */
		464AAEA41C463E2200A3F646 /* Resources */ = {
			isa = PBXResourcesBuildPhase;
			buildActionMask = 2147483647;
			files = (
				464AAEB41C463E2200A3F646 /* LaunchScreen.storyboard in Resources */,
				464AAEB11C463E2200A3F646 /* Assets.xcassets in Resources */,
				464AAEAF1C463E2200A3F646 /* Main.storyboard in Resources */,
			);
			runOnlyForDeploymentPostprocessing = 0;
		};
		464AAEB81C463E2200A3F646 /* Resources */ = {
			isa = PBXResourcesBuildPhase;
			buildActionMask = 2147483647;
			files = (
			);
			runOnlyForDeploymentPostprocessing = 0;
		};
		464AAEC31C463E2200A3F646 /* Resources */ = {
			isa = PBXResourcesBuildPhase;
			buildActionMask = 2147483647;
			files = (
			);
			runOnlyForDeploymentPostprocessing = 0;
		};
/* End PBXResourcesBuildPhase section */

/* Begin PBXSourcesBuildPhase section */
		464AAEA21C463E2200A3F646 /* Sources */ = {
			isa = PBXSourcesBuildPhase;
			buildActionMask = 2147483647;
			files = (
				464AAEAC1C463E2200A3F646 /* ViewController.swift in Sources */,
				464AAEDA1C4640C900A3F646 /* SQImagePC.swift in Sources */,
				464AAEAA1C463E2200A3F646 /* AppDelegate.swift in Sources */,
			);
			runOnlyForDeploymentPostprocessing = 0;
		};
		464AAEB61C463E2200A3F646 /* Sources */ = {
			isa = PBXSourcesBuildPhase;
			buildActionMask = 2147483647;
			files = (
				464AAEBF1C463E2200A3F646 /* SQSpeechTests.swift in Sources */,
			);
			runOnlyForDeploymentPostprocessing = 0;
		};
		464AAEC11C463E2200A3F646 /* Sources */ = {
			isa = PBXSourcesBuildPhase;
			buildActionMask = 2147483647;
			files = (
				464AAECA1C463E2200A3F646 /* SQSpeechUITests.swift in Sources */,
			);
			runOnlyForDeploymentPostprocessing = 0;
		};
/* End PBXSourcesBuildPhase section */

/* Begin PBXTargetDependency section */
		464AAEBC1C463E2200A3F646 /* PBXTargetDependency */ = {
			isa = PBXTargetDependency;
			target = 464AAEA51C463E2200A3F646 /* SQSpeech */;
			targetProxy = 464AAEBB1C463E2200A3F646 /* PBXContainerItemProxy */;
		};
		464AAEC71C463E2200A3F646 /* PBXTargetDependency */ = {
			isa = PBXTargetDependency;
			target = 464AAEA51C463E2200A3F646 /* SQSpeech */;
			targetProxy = 464AAEC61C463E2200A3F646 /* PBXContainerItemProxy */;
		};
/* End PBXTargetDependency section */

/* Begin PBXVariantGroup section */
		464AAEAD1C463E2200A3F646 /* Main.storyboard */ = {
			isa = PBXVariantGroup;
			children = (
				464AAEAE1C463E2200A3F646 /* Base */,
			);
			name = Main.storyboard;
			sourceTree = "<group>";
		};
		464AAEB21C463E2200A3F646 /* LaunchScreen.storyboard */ = {
			isa = PBXVariantGroup;
			children = (
				464AAEB31C463E2200A3F646 /* Base */,
			);
			name = LaunchScreen.storyboard;
			sourceTree = "<group>";
		};
/* End PBXVariantGroup section */

/* Begin XCBuildConfiguration section */
		464AAECC1C463E2200A3F646 /* Debug */ = {
			isa = XCBuildConfiguration;
			buildSettings = {
				ALWAYS_SEARCH_USER_PATHS = NO;
				CLANG_CXX_LANGUAGE_STANDARD = "gnu++0x";
				CLANG_CXX_LIBRARY = "libc++";
				CLANG_ENABLE_MODULES = YES;
				CLANG_ENABLE_OBJC_ARC = YES;
				CLANG_WARN_BOOL_CONVERSION = YES;
				CLANG_WARN_CONSTANT_CONVERSION = YES;
				CLANG_WARN_DIRECT_OBJC_ISA_USAGE = YES_ERROR;
				CLANG_WARN_EMPTY_BODY = YES;
				CLANG_WARN_ENUM_CONVERSION = YES;
				CLANG_WARN_INT_CONVERSION = YES;
				CLANG_WARN_OBJC_ROOT_CLASS = YES_ERROR;
				CLANG_WARN_UNREACHABLE_CODE = YES;
				CLANG_WARN__DUPLICATE_METHOD_MATCH = YES;
				"CODE_SIGN_IDENTITY[sdk=iphoneos*]" = "iPhone Developer";
				COPY_PHASE_STRIP = NO;
				DEBUG_INFORMATION_FORMAT = dwarf;
				ENABLE_STRICT_OBJC_MSGSEND = YES;
				ENABLE_TESTABILITY = YES;
				GCC_C_LANGUAGE_STANDARD = gnu99;
				GCC_DYNAMIC_NO_PIC = NO;
				GCC_NO_COMMON_BLOCKS = YES;
				GCC_OPTIMIZATION_LEVEL = 0;
				GCC_PREPROCESSOR_DEFINITIONS = (
					"DEBUG=1",
					"$(inherited)",
				);
				GCC_WARN_64_TO_32_BIT_CONVERSION = YES;
				GCC_WARN_ABOUT_RETURN_TYPE = YES_ERROR;
				GCC_WARN_UNDECLARED_SELECTOR = YES;
				GCC_WARN_UNINITIALIZED_AUTOS = YES_AGGRESSIVE;
				GCC_WARN_UNUSED_FUNCTION = YES;
				GCC_WARN_UNUSED_VARIABLE = YES;
				IPHONEOS_DEPLOYMENT_TARGET = 9.2;
				MTL_ENABLE_DEBUG_INFO = YES;
				ONLY_ACTIVE_ARCH = YES;
				SDKROOT = iphoneos;
				SWIFT_OPTIMIZATION_LEVEL = "-Onone";
			};
			name = Debug;
		};
		464AAECD1C463E2200A3F646 /* Release */ = {
			isa = XCBuildConfiguration;
			buildSettings = {
				ALWAYS_SEARCH_USER_PATHS = NO;
				CLANG_CXX_LANGUAGE_STANDARD = "gnu++0x";
				CLANG_CXX_LIBRARY = "libc++";
				CLANG_ENABLE_MODULES = YES;
				CLANG_ENABLE_OBJC_ARC = YES;
				CLANG_WARN_BOOL_CONVERSION = YES;
				CLANG_WARN_CONSTANT_CONVERSION = YES;
				CLANG_WARN_DIRECT_OBJC_ISA_USAGE = YES_ERROR;
				CLANG_WARN_EMPTY_BODY = YES;
				CLANG_WARN_ENUM_CONVERSION = YES;
				CLANG_WARN_INT_CONVERSION = YES;
				CLANG_WARN_OBJC_ROOT_CLASS = YES_ERROR;
				CLANG_WARN_UNREACHABLE_CODE = YES;
				CLANG_WARN__DUPLICATE_METHOD_MATCH = YES;
				"CODE_SIGN_IDENTITY[sdk=iphoneos*]" = "iPhone Developer";
				COPY_PHASE_STRIP = NO;
				DEBUG_INFORMATION_FORMAT = "dwarf-with-dsym";
				ENABLE_NS_ASSERTIONS = NO;
				ENABLE_STRICT_OBJC_MSGSEND = YES;
				GCC_C_LANGUAGE_STANDARD = gnu99;
				GCC_NO_COMMON_BLOCKS = YES;
				GCC_WARN_64_TO_32_BIT_CONVERSION = YES;
				GCC_WARN_ABOUT_RETURN_TYPE = YES_ERROR;
				GCC_WARN_UNDECLARED_SELECTOR = YES;
				GCC_WARN_UNINITIALIZED_AUTOS = YES_AGGRESSIVE;
				GCC_WARN_UNUSED_FUNCTION = YES;
				GCC_WARN_UNUSED_VARIABLE = YES;
				IPHONEOS_DEPLOYMENT_TARGET = 9.2;
				MTL_ENABLE_DEBUG_INFO = NO;
				SDKROOT = iphoneos;
				VALIDATE_PRODUCT = YES;
			};
			name = Release;
		};
		464AAECF1C463E2200A3F646 /* Debug */ = {
			isa = XCBuildConfiguration;
			buildSettings = {
				ASSETCATALOG_COMPILER_APPICON_NAME = AppIcon;
				INFOPLIST_FILE = SQSpeech/Info.plist;
				LD_RUNPATH_SEARCH_PATHS = "$(inherited) @executable_path/Frameworks";
				PRODUCT_BUNDLE_IDENTIFIER = com.XinQuan.SQSpeech;
				PRODUCT_NAME = "$(TARGET_NAME)";
			};
			name = Debug;
		};
		464AAED01C463E2200A3F646 /* Release */ = {
			isa = XCBuildConfiguration;
			buildSettings = {
				ASSETCATALOG_COMPILER_APPICON_NAME = AppIcon;
				INFOPLIST_FILE = SQSpeech/Info.plist;
				LD_RUNPATH_SEARCH_PATHS = "$(inherited) @executable_path/Frameworks";
				PRODUCT_BUNDLE_IDENTIFIER = com.XinQuan.SQSpeech;
				PRODUCT_NAME = "$(TARGET_NAME)";
			};
			name = Release;
		};
		464AAED21C463E2200A3F646 /* Debug */ = {
			isa = XCBuildConfiguration;
			buildSettings = {
				BUNDLE_LOADER = "$(TEST_HOST)";
				INFOPLIST_FILE = SQSpeechTests/Info.plist;
				LD_RUNPATH_SEARCH_PATHS = "$(inherited) @executable_path/Frameworks @loader_path/Frameworks";
				PRODUCT_BUNDLE_IDENTIFIER = com.XinQuan.SQSpeechTests;
				PRODUCT_NAME = "$(TARGET_NAME)";
				TEST_HOST = "$(BUILT_PRODUCTS_DIR)/SQSpeech.app/SQSpeech";
			};
			name = Debug;
		};
		464AAED31C463E2200A3F646 /* Release */ = {
			isa = XCBuildConfiguration;
			buildSettings = {
				BUNDLE_LOADER = "$(TEST_HOST)";
				INFOPLIST_FILE = SQSpeechTests/Info.plist;
				LD_RUNPATH_SEARCH_PATHS = "$(inherited) @executable_path/Frameworks @loader_path/Frameworks";
				PRODUCT_BUNDLE_IDENTIFIER = com.XinQuan.SQSpeechTests;
				PRODUCT_NAME = "$(TARGET_NAME)";
				TEST_HOST = "$(BUILT_PRODUCTS_DIR)/SQSpeech.app/SQSpeech";
			};
			name = Release;
		};
		464AAED51C463E2200A3F646 /* Debug */ = {
			isa = XCBuildConfiguration;
			buildSettings = {
				INFOPLIST_FILE = SQSpeechUITests/Info.plist;
				LD_RUNPATH_SEARCH_PATHS = "$(inherited) @executable_path/Frameworks @loader_path/Frameworks";
				PRODUCT_BUNDLE_IDENTIFIER = com.XinQuan.SQSpeechUITests;
				PRODUCT_NAME = "$(TARGET_NAME)";
				TEST_TARGET_NAME = SQSpeech;
				USES_XCTRUNNER = YES;
			};
			name = Debug;
		};
		464AAED61C463E2200A3F646 /* Release */ = {
			isa = XCBuildConfiguration;
			buildSettings = {
				INFOPLIST_FILE = SQSpeechUITests/Info.plist;
				LD_RUNPATH_SEARCH_PATHS = "$(inherited) @executable_path/Frameworks @loader_path/Frameworks";
				PRODUCT_BUNDLE_IDENTIFIER = com.XinQuan.SQSpeechUITests;
				PRODUCT_NAME = "$(TARGET_NAME)";
				TEST_TARGET_NAME = SQSpeech;
				USES_XCTRUNNER = YES;
			};
			name = Release;
		};
/* End XCBuildConfiguration section */

/* Begin XCConfigurationList section */
		464AAEA11C463E2200A3F646 /* Build configuration list for PBXProject "SQSpeech" */ = {
			isa = XCConfigurationList;
			buildConfigurations = (
				464AAECC1C463E2200A3F646 /* Debug */,
				464AAECD1C463E2200A3F646 /* Release */,
			);
			defaultConfigurationIsVisible = 0;
			defaultConfigurationName = Release;
		};
		464AAECE1C463E2200A3F646 /* Build configuration list for PBXNativeTarget "SQSpeech" */ = {
			isa = XCConfigurationList;
			buildConfigurations = (
				464AAECF1C463E2200A3F646 /* Debug */,
				464AAED01C463E2200A3F646 /* Release */,
			);
			defaultConfigurationIsVisible = 0;
		};
		464AAED11C463E2200A3F646 /* Build configuration list for PBXNativeTarget "SQSpeechTests" */ = {
			isa = XCConfigurationList;
			buildConfigurations = (
				464AAED21C463E2200A3F646 /* Debug */,
				464AAED31C463E2200A3F646 /* Release */,
			);
			defaultConfigurationIsVisible = 0;
		};
		464AAED41C463E2200A3F646 /* Build configuration list for PBXNativeTarget "SQSpeechUITests" */ = {
			isa = XCConfigurationList;
			buildConfigurations = (
				464AAED51C463E2200A3F646 /* Debug */,
				464AAED61C463E2200A3F646 /* Release */,
			);
			defaultConfigurationIsVisible = 0;
		};
/* End XCConfigurationList section */
	};
	rootObject = 464AAE9E1C463E2200A3F646 /* Project object */;
}
